// !$*UTF8*$!
{
	archiveVersion = 1;
	classes = {
	};
	objectVersion = 50;
	objects = {

/* Begin PBXBuildFile section */
		A416FB9021F580E400F8DD82 /* HYButton.m in Sources */ = {isa = PBXBuildFile; fileRef = A416FB8F21F580E400F8DD82 /* HYButton.m */; };
		A416FB9921F5865A00F8DD82 /* DateTool.m in Sources */ = {isa = PBXBuildFile; fileRef = A416FB9321F5865900F8DD82 /* DateTool.m */; };
		A416FB9A21F5865A00F8DD82 /* LanguageConfig.m in Sources */ = {isa = PBXBuildFile; fileRef = A416FB9621F5865900F8DD82 /* LanguageConfig.m */; };
		A416FB9B21F5865A00F8DD82 /* NSBundle+LanguageConfig.m in Sources */ = {isa = PBXBuildFile; fileRef = A416FB9821F5865900F8DD82 /* NSBundle+LanguageConfig.m */; };
		A44801E52121B244002F986D /* AppDelegate.m in Sources */ = {isa = PBXBuildFile; fileRef = A44801E42121B244002F986D /* AppDelegate.m */; };
		A44801E82121B244002F986D /* ViewController.m in Sources */ = {isa = PBXBuildFile; fileRef = A44801E72121B244002F986D /* ViewController.m */; };
		A44801EB2121B244002F986D /* Main.storyboard in Resources */ = {isa = PBXBuildFile; fileRef = A44801E92121B244002F986D /* Main.storyboard */; };
		A44801EE2121B244002F986D /* TemplateProject.xcdatamodeld in Sources */ = {isa = PBXBuildFile; fileRef = A44801EC2121B244002F986D /* TemplateProject.xcdatamodeld */; };
		A44801F02121B247002F986D /* Assets.xcassets in Resources */ = {isa = PBXBuildFile; fileRef = A44801EF2121B247002F986D /* Assets.xcassets */; };
		A44801F32121B247002F986D /* LaunchScreen.storyboard in Resources */ = {isa = PBXBuildFile; fileRef = A44801F12121B247002F986D /* LaunchScreen.storyboard */; };
		A44801F62121B247002F986D /* main.m in Sources */ = {isa = PBXBuildFile; fileRef = A44801F52121B247002F986D /* main.m */; };
		A44802002121B247002F986D /* TemplateProjectTests.m in Sources */ = {isa = PBXBuildFile; fileRef = A44801FF2121B247002F986D /* TemplateProjectTests.m */; };
		A448020B2121B247002F986D /* TemplateProjectUITests.m in Sources */ = {isa = PBXBuildFile; fileRef = A448020A2121B247002F986D /* TemplateProjectUITests.m */; };
		CDEC76F4887596710E3BDD6F /* libPods-TemplateProject.a in Frameworks */ = {isa = PBXBuildFile; fileRef = B626B2E1CDD1C1050DCB3506 /* libPods-TemplateProject.a */; };
/* End PBXBuildFile section */

/* Begin PBXContainerItemProxy section */
		A44801FC2121B247002F986D /* PBXContainerItemProxy */ = {
			isa = PBXContainerItemProxy;
			containerPortal = A44801D82121B244002F986D /* Project object */;
			proxyType = 1;
			remoteGlobalIDString = A44801DF2121B244002F986D;
			remoteInfo = TemplateProject;
		};
		A44802072121B247002F986D /* PBXContainerItemProxy */ = {
			isa = PBXContainerItemProxy;
			containerPortal = A44801D82121B244002F986D /* Project object */;
			proxyType = 1;
			remoteGlobalIDString = A44801DF2121B244002F986D;
			remoteInfo = TemplateProject;
		};
/* End PBXContainerItemProxy section */

/* Begin PBXFileReference section */
		25977E8462F03FF3A0A4C28F /* Pods-TemplateProject.debug.xcconfig */ = {isa = PBXFileReference; includeInIndex = 1; lastKnownFileType = text.xcconfig; name = "Pods-TemplateProject.debug.xcconfig"; path = "Pods/Target Support Files/Pods-TemplateProject/Pods-TemplateProject.debug.xcconfig"; sourceTree = "<group>"; };
		366F26EC679CF297114076D6 /* Pods-TemplateProject.release.xcconfig */ = {isa = PBXFileReference; includeInIndex = 1; lastKnownFileType = text.xcconfig; name = "Pods-TemplateProject.release.xcconfig"; path = "Pods/Target Support Files/Pods-TemplateProject/Pods-TemplateProject.release.xcconfig"; sourceTree = "<group>"; };
		A416FB8E21F580E400F8DD82 /* HYButton.h */ = {isa = PBXFileReference; fileEncoding = 4; lastKnownFileType = sourcecode.c.h; path = HYButton.h; sourceTree = "<group>"; };
		A416FB8F21F580E400F8DD82 /* HYButton.m */ = {isa = PBXFileReference; fileEncoding = 4; lastKnownFileType = sourcecode.c.objc; path = HYButton.m; sourceTree = "<group>"; };
		A416FB9221F5865900F8DD82 /* DateTool.h */ = {isa = PBXFileReference; fileEncoding = 4; lastKnownFileType = sourcecode.c.h; path = DateTool.h; sourceTree = "<group>"; };
		A416FB9321F5865900F8DD82 /* DateTool.m */ = {isa = PBXFileReference; fileEncoding = 4; lastKnownFileType = sourcecode.c.objc; path = DateTool.m; sourceTree = "<group>"; };
		A416FB9521F5865900F8DD82 /* LanguageConfig.h */ = {isa = PBXFileReference; fileEncoding = 4; lastKnownFileType = sourcecode.c.h; path = LanguageConfig.h; sourceTree = "<group>"; };
		A416FB9621F5865900F8DD82 /* LanguageConfig.m */ = {isa = PBXFileReference; fileEncoding = 4; lastKnownFileType = sourcecode.c.objc; path = LanguageConfig.m; sourceTree = "<group>"; };
		A416FB9721F5865900F8DD82 /* NSBundle+LanguageConfig.h */ = {isa = PBXFileReference; fileEncoding = 4; lastKnownFileType = sourcecode.c.h; path = "NSBundle+LanguageConfig.h"; sourceTree = "<group>"; };
		A416FB9821F5865900F8DD82 /* NSBundle+LanguageConfig.m */ = {isa = PBXFileReference; fileEncoding = 4; lastKnownFileType = sourcecode.c.objc; path = "NSBundle+LanguageConfig.m"; sourceTree = "<group>"; };
		A44801E02121B244002F986D /* TemplateProject.app */ = {isa = PBXFileReference; explicitFileType = wrapper.application; includeInIndex = 0; path = TemplateProject.app; sourceTree = BUILT_PRODUCTS_DIR; };
		A44801E32121B244002F986D /* AppDelegate.h */ = {isa = PBXFileReference; lastKnownFileType = sourcecode.c.h; path = AppDelegate.h; sourceTree = "<group>"; };
		A44801E42121B244002F986D /* AppDelegate.m */ = {isa = PBXFileReference; lastKnownFileType = sourcecode.c.objc; path = AppDelegate.m; sourceTree = "<group>"; };
		A44801E62121B244002F986D /* ViewController.h */ = {isa = PBXFileReference; lastKnownFileType = sourcecode.c.h; path = ViewController.h; sourceTree = "<group>"; };
		A44801E72121B244002F986D /* ViewController.m */ = {isa = PBXFileReference; lastKnownFileType = sourcecode.c.objc; path = ViewController.m; sourceTree = "<group>"; };
		A44801EA2121B244002F986D /* Base */ = {isa = PBXFileReference; lastKnownFileType = file.storyboard; name = Base; path = Base.lproj/Main.storyboard; sourceTree = "<group>"; };
		A44801ED2121B244002F986D /* TemplateProject.xcdatamodel */ = {isa = PBXFileReference; lastKnownFileType = wrapper.xcdatamodel; path = TemplateProject.xcdatamodel; sourceTree = "<group>"; };
		A44801EF2121B247002F986D /* Assets.xcassets */ = {isa = PBXFileReference; lastKnownFileType = folder.assetcatalog; path = Assets.xcassets; sourceTree = "<group>"; };
		A44801F22121B247002F986D /* Base */ = {isa = PBXFileReference; lastKnownFileType = file.storyboard; name = Base; path = Base.lproj/LaunchScreen.storyboard; sourceTree = "<group>"; };
		A44801F42121B247002F986D /* Info.plist */ = {isa = PBXFileReference; lastKnownFileType = text.plist.xml; path = Info.plist; sourceTree = "<group>"; };
		A44801F52121B247002F986D /* main.m */ = {isa = PBXFileReference; lastKnownFileType = sourcecode.c.objc; path = main.m; sourceTree = "<group>"; };
		A44801FB2121B247002F986D /* TemplateProjectTests.xctest */ = {isa = PBXFileReference; explicitFileType = wrapper.cfbundle; includeInIndex = 0; path = TemplateProjectTests.xctest; sourceTree = BUILT_PRODUCTS_DIR; };
		A44801FF2121B247002F986D /* TemplateProjectTests.m */ = {isa = PBXFileReference; lastKnownFileType = sourcecode.c.objc; path = TemplateProjectTests.m; sourceTree = "<group>"; };
		A44802012121B247002F986D /* Info.plist */ = {isa = PBXFileReference; lastKnownFileType = text.plist.xml; path = Info.plist; sourceTree = "<group>"; };
		A44802062121B247002F986D /* TemplateProjectUITests.xctest */ = {isa = PBXFileReference; explicitFileType = wrapper.cfbundle; includeInIndex = 0; path = TemplateProjectUITests.xctest; sourceTree = BUILT_PRODUCTS_DIR; };
		A448020A2121B247002F986D /* TemplateProjectUITests.m */ = {isa = PBXFileReference; lastKnownFileType = sourcecode.c.objc; path = TemplateProjectUITests.m; sourceTree = "<group>"; };
		A448020C2121B247002F986D /* Info.plist */ = {isa = PBXFileReference; lastKnownFileType = text.plist.xml; path = Info.plist; sourceTree = "<group>"; };
		B626B2E1CDD1C1050DCB3506 /* libPods-TemplateProject.a */ = {isa = PBXFileReference; explicitFileType = archive.ar; includeInIndex = 0; path = "libPods-TemplateProject.a"; sourceTree = BUILT_PRODUCTS_DIR; };
/* End PBXFileReference section */

/* Begin PBXFrameworksBuildPhase section */
		A44801DD2121B244002F986D /* Frameworks */ = {
			isa = PBXFrameworksBuildPhase;
			buildActionMask = 2147483647;
			files = (
				CDEC76F4887596710E3BDD6F /* libPods-TemplateProject.a in Frameworks */,
			);
			runOnlyForDeploymentPostprocessing = 0;
		};
		A44801F82121B247002F986D /* Frameworks */ = {
			isa = PBXFrameworksBuildPhase;
			buildActionMask = 2147483647;
			files = (
			);
			runOnlyForDeploymentPostprocessing = 0;
		};
		A44802032121B247002F986D /* Frameworks */ = {
			isa = PBXFrameworksBuildPhase;
			buildActionMask = 2147483647;
			files = (
			);
			runOnlyForDeploymentPostprocessing = 0;
		};
/* End PBXFrameworksBuildPhase section */

/* Begin PBXGroup section */
		788337C8209D002B6F2C4312 /* Frameworks */ = {
			isa = PBXGroup;
			children = (
				B626B2E1CDD1C1050DCB3506 /* libPods-TemplateProject.a */,
			);
			name = Frameworks;
			sourceTree = "<group>";
		};
		946DD9348E5F9192E16940DF /* Pods */ = {
			isa = PBXGroup;
			children = (
				25977E8462F03FF3A0A4C28F /* Pods-TemplateProject.debug.xcconfig */,
				366F26EC679CF297114076D6 /* Pods-TemplateProject.release.xcconfig */,
			);
			name = Pods;
			sourceTree = "<group>";
		};
		A416FB8D21F580E400F8DD82 /* 按钮控件 */ = {
			isa = PBXGroup;
			children = (
				A416FB8E21F580E400F8DD82 /* HYButton.h */,
				A416FB8F21F580E400F8DD82 /* HYButton.m */,
			);
			path = "按钮控件";
			sourceTree = "<group>";
		};
		A416FB9121F5865900F8DD82 /* 日期工具 */ = {
			isa = PBXGroup;
			children = (
				A416FB9221F5865900F8DD82 /* DateTool.h */,
				A416FB9321F5865900F8DD82 /* DateTool.m */,
			);
			path = "日期工具";
			sourceTree = "<group>";
		};
		A416FB9421F5865900F8DD82 /* 国际化 */ = {
			isa = PBXGroup;
			children = (
				A416FB9521F5865900F8DD82 /* LanguageConfig.h */,
				A416FB9621F5865900F8DD82 /* LanguageConfig.m */,
				A416FB9721F5865900F8DD82 /* NSBundle+LanguageConfig.h */,
				A416FB9821F5865900F8DD82 /* NSBundle+LanguageConfig.m */,
			);
			path = "国际化";
			sourceTree = "<group>";
		};
		A44801D72121B244002F986D = {
			isa = PBXGroup;
			children = (
				A44801E22121B244002F986D /* TemplateProject */,
				A44801FE2121B247002F986D /* TemplateProjectTests */,
				A44802092121B247002F986D /* TemplateProjectUITests */,
				A44801E12121B244002F986D /* Products */,
				946DD9348E5F9192E16940DF /* Pods */,
				788337C8209D002B6F2C4312 /* Frameworks */,
			);
			sourceTree = "<group>";
		};
		A44801E12121B244002F986D /* Products */ = {
			isa = PBXGroup;
			children = (
				A44801E02121B244002F986D /* TemplateProject.app */,
				A44801FB2121B247002F986D /* TemplateProjectTests.xctest */,
				A44802062121B247002F986D /* TemplateProjectUITests.xctest */,
			);
			name = Products;
			sourceTree = "<group>";
		};
		A44801E22121B244002F986D /* TemplateProject */ = {
			isa = PBXGroup;
			children = (
				A44802182121B8AF002F986D /* ToolClass */,
				A44801E32121B244002F986D /* AppDelegate.h */,
				A44801E42121B244002F986D /* AppDelegate.m */,
				A44801E62121B244002F986D /* ViewController.h */,
				A44801E72121B244002F986D /* ViewController.m */,
				A44801E92121B244002F986D /* Main.storyboard */,
				A44801EF2121B247002F986D /* Assets.xcassets */,
				A44801F12121B247002F986D /* LaunchScreen.storyboard */,
				A44801F42121B247002F986D /* Info.plist */,
				A44801F52121B247002F986D /* main.m */,
				A44801EC2121B244002F986D /* TemplateProject.xcdatamodeld */,
			);
			path = TemplateProject;
			sourceTree = "<group>";
		};
		A44801FE2121B247002F986D /* TemplateProjectTests */ = {
			isa = PBXGroup;
			children = (
				A44801FF2121B247002F986D /* TemplateProjectTests.m */,
				A44802012121B247002F986D /* Info.plist */,
			);
			path = TemplateProjectTests;
			sourceTree = "<group>";
		};
		A44802092121B247002F986D /* TemplateProjectUITests */ = {
			isa = PBXGroup;
			children = (
				A448020A2121B247002F986D /* TemplateProjectUITests.m */,
				A448020C2121B247002F986D /* Info.plist */,
			);
			path = TemplateProjectUITests;
			sourceTree = "<group>";
		};
		A44802182121B8AF002F986D /* ToolClass */ = {
			isa = PBXGroup;
			children = (
				A416FB9421F5865900F8DD82 /* 国际化 */,
				A416FB9121F5865900F8DD82 /* 日期工具 */,
				A416FB8D21F580E400F8DD82 /* 按钮控件 */,
			);
			path = ToolClass;
			sourceTree = "<group>";
		};
/* End PBXGroup section */

/* Begin PBXNativeTarget section */
		A44801DF2121B244002F986D /* TemplateProject */ = {
			isa = PBXNativeTarget;
			buildConfigurationList = A448020F2121B247002F986D /* Build configuration list for PBXNativeTarget "TemplateProject" */;
			buildPhases = (
				7451D956A8BA44DA8B2AD4F5 /* [CP] Check Pods Manifest.lock */,
				A44801DC2121B244002F986D /* Sources */,
				A44801DD2121B244002F986D /* Frameworks */,
				A44801DE2121B244002F986D /* Resources */,
				CE0CA3036ADBFC578239F395 /* [CP] Copy Pods Resources */,
			);
			buildRules = (
			);
			dependencies = (
			);
			name = TemplateProject;
			productName = TemplateProject;
			productReference = A44801E02121B244002F986D /* TemplateProject.app */;
			productType = "com.apple.product-type.application";
		};
		A44801FA2121B247002F986D /* TemplateProjectTests */ = {
			isa = PBXNativeTarget;
			buildConfigurationList = A44802122121B247002F986D /* Build configuration list for PBXNativeTarget "TemplateProjectTests" */;
			buildPhases = (
				A44801F72121B247002F986D /* Sources */,
				A44801F82121B247002F986D /* Frameworks */,
				A44801F92121B247002F986D /* Resources */,
			);
			buildRules = (
			);
			dependencies = (
				A44801FD2121B247002F986D /* PBXTargetDependency */,
			);
			name = TemplateProjectTests;
			productName = TemplateProjectTests;
			productReference = A44801FB2121B247002F986D /* TemplateProjectTests.xctest */;
			productType = "com.apple.product-type.bundle.unit-test";
		};
		A44802052121B247002F986D /* TemplateProjectUITests */ = {
			isa = PBXNativeTarget;
			buildConfigurationList = A44802152121B247002F986D /* Build configuration list for PBXNativeTarget "TemplateProjectUITests" */;
			buildPhases = (
				A44802022121B247002F986D /* Sources */,
				A44802032121B247002F986D /* Frameworks */,
				A44802042121B247002F986D /* Resources */,
			);
			buildRules = (
			);
			dependencies = (
				A44802082121B247002F986D /* PBXTargetDependency */,
			);
			name = TemplateProjectUITests;
			productName = TemplateProjectUITests;
			productReference = A44802062121B247002F986D /* TemplateProjectUITests.xctest */;
			productType = "com.apple.product-type.bundle.ui-testing";
		};
/* End PBXNativeTarget section */

/* Begin PBXProject section */
		A44801D82121B244002F986D /* Project object */ = {
			isa = PBXProject;
			attributes = {
				LastUpgradeCheck = 0940;
				ORGANIZATIONNAME = "韩扬";
				TargetAttributes = {
					A44801DF2121B244002F986D = {
						CreatedOnToolsVersion = 9.4.1;
					};
					A44801FA2121B247002F986D = {
						CreatedOnToolsVersion = 9.4.1;
						TestTargetID = A44801DF2121B244002F986D;
					};
					A44802052121B247002F986D = {
						CreatedOnToolsVersion = 9.4.1;
						TestTargetID = A44801DF2121B244002F986D;
					};
				};
			};
			buildConfigurationList = A44801DB2121B244002F986D /* Build configuration list for PBXProject "TemplateProject" */;
			compatibilityVersion = "Xcode 9.3";
			developmentRegion = en;
			hasScannedForEncodings = 0;
			knownRegions = (
				en,
				Base,
			);
			mainGroup = A44801D72121B244002F986D;
			productRefGroup = A44801E12121B244002F986D /* Products */;
			projectDirPath = "";
			projectRoot = "";
			targets = (
				A44801DF2121B244002F986D /* TemplateProject */,
				A44801FA2121B247002F986D /* TemplateProjectTests */,
				A44802052121B247002F986D /* TemplateProjectUITests */,
			);
		};
/* End PBXProject section */

/* Begin PBXResourcesBuildPhase section */
		A44801DE2121B244002F986D /* Resources */ = {
			isa = PBXResourcesBuildPhase;
			buildActionMask = 2147483647;
			files = (
				A44801F32121B247002F986D /* LaunchScreen.storyboard in Resources */,
				A44801F02121B247002F986D /* Assets.xcassets in Resources */,
				A44801EB2121B244002F986D /* Main.storyboard in Resources */,
			);
			runOnlyForDeploymentPostprocessing = 0;
		};
		A44801F92121B247002F986D /* Resources */ = {
			isa = PBXResourcesBuildPhase;
			buildActionMask = 2147483647;
			files = (
			);
			runOnlyForDeploymentPostprocessing = 0;
		};
		A44802042121B247002F986D /* Resources */ = {
			isa = PBXResourcesBuildPhase;
			buildActionMask = 2147483647;
			files = (
			);
			runOnlyForDeploymentPostprocessing = 0;
		};
/* End PBXResourcesBuildPhase section */

/* Begin PBXShellScriptBuildPhase section */
		7451D956A8BA44DA8B2AD4F5 /* [CP] Check Pods Manifest.lock */ = {
			isa = PBXShellScriptBuildPhase;
			buildActionMask = 2147483647;
			files = (
			);
			inputPaths = (
				"${PODS_PODFILE_DIR_PATH}/Podfile.lock",
				"${PODS_ROOT}/Manifest.lock",
			);
			name = "[CP] Check Pods Manifest.lock";
			outputPaths = (
				"$(DERIVED_FILE_DIR)/Pods-TemplateProject-checkManifestLockResult.txt",
			);
			runOnlyForDeploymentPostprocessing = 0;
			shellPath = /bin/sh;
			shellScript = "diff \"${PODS_PODFILE_DIR_PATH}/Podfile.lock\" \"${PODS_ROOT}/Manifest.lock\" > /dev/null\nif [ $? != 0 ] ; then\n    # print error to STDERR\n    echo \"error: The sandbox is not in sync with the Podfile.lock. Run 'pod install' or update your CocoaPods installation.\" >&2\n    exit 1\nfi\n# This output is used by Xcode 'outputs' to avoid re-running this script phase.\necho \"SUCCESS\" > \"${SCRIPT_OUTPUT_FILE_0}\"\n";
			showEnvVarsInLog = 0;
		};
		CE0CA3036ADBFC578239F395 /* [CP] Copy Pods Resources */ = {
			isa = PBXShellScriptBuildPhase;
			buildActionMask = 2147483647;
			files = (
			);
			inputPaths = (
				"${SRCROOT}/Pods/Target Support Files/Pods-TemplateProject/Pods-TemplateProject-resources.sh",
				"${PODS_ROOT}/MJRefresh/MJRefresh/MJRefresh.bundle",
			);
			name = "[CP] Copy Pods Resources";
			outputPaths = (
				"${TARGET_BUILD_DIR}/${UNLOCALIZED_RESOURCES_FOLDER_PATH}/MJRefresh.bundle",
			);
			runOnlyForDeploymentPostprocessing = 0;
			shellPath = /bin/sh;
			shellScript = "\"${SRCROOT}/Pods/Target Support Files/Pods-TemplateProject/Pods-TemplateProject-resources.sh\"\n";
			showEnvVarsInLog = 0;
		};
/* End PBXShellScriptBuildPhase section */

/* Begin PBXSourcesBuildPhase section */
		A44801DC2121B244002F986D /* Sources */ = {
			isa = PBXSourcesBuildPhase;
			buildActionMask = 2147483647;
			files = (
				A44801EE2121B244002F986D /* TemplateProject.xcdatamodeld in Sources */,
				A416FB9921F5865A00F8DD82 /* DateTool.m in Sources */,
				A44801E82121B244002F986D /* ViewController.m in Sources */,
				A44801F62121B247002F986D /* main.m in Sources */,
				A416FB9B21F5865A00F8DD82 /* NSBundle+LanguageConfig.m in Sources */,
				A416FB9A21F5865A00F8DD82 /* LanguageConfig.m in Sources */,
				A44801E52121B244002F986D /* AppDelegate.m in Sources */,
				A416FB9021F580E400F8DD82 /* HYButton.m in Sources */,
			);
			runOnlyForDeploymentPostprocessing = 0;
		};
		A44801F72121B247002F986D /* Sources */ = {
			isa = PBXSourcesBuildPhase;
			buildActionMask = 2147483647;
			files = (
				A44802002121B247002F986D /* TemplateProjectTests.m in Sources */,
			);
			runOnlyForDeploymentPostprocessing = 0;
		};
		A44802022121B247002F986D /* Sources */ = {
			isa = PBXSourcesBuildPhase;
			buildActionMask = 2147483647;
			files = (
				A448020B2121B247002F986D /* TemplateProjectUITests.m in Sources */,
			);
			runOnlyForDeploymentPostprocessing = 0;
		};
/* End PBXSourcesBuildPhase section */

/* Begin PBXTargetDependency section */
		A44801FD2121B247002F986D /* PBXTargetDependency */ = {
			isa = PBXTargetDependency;
			target = A44801DF2121B244002F986D /* TemplateProject */;
			targetProxy = A44801FC2121B247002F986D /* PBXContainerItemProxy */;
		};
		A44802082121B247002F986D /* PBXTargetDependency */ = {
			isa = PBXTargetDependency;
			target = A44801DF2121B244002F986D /* TemplateProject */;
			targetProxy = A44802072121B247002F986D /* PBXContainerItemProxy */;
		};
/* End PBXTargetDependency section */

/* Begin PBXVariantGroup section */
		A44801E92121B244002F986D /* Main.storyboard */ = {
			isa = PBXVariantGroup;
			children = (
				A44801EA2121B244002F986D /* Base */,
			);
			name = Main.storyboard;
			sourceTree = "<group>";
		};
		A44801F12121B247002F986D /* LaunchScreen.storyboard */ = {
			isa = PBXVariantGroup;
			children = (
				A44801F22121B247002F986D /* Base */,
			);
			name = LaunchScreen.storyboard;
			sourceTree = "<group>";
		};
/* End PBXVariantGroup section */

/* Begin XCBuildConfiguration section */
		A448020D2121B247002F986D /* Debug */ = {
			isa = XCBuildConfiguration;
			buildSettings = {
				ALWAYS_SEARCH_USER_PATHS = NO;
				CLANG_ANALYZER_NONNULL = YES;
				CLANG_ANALYZER_NUMBER_OBJECT_CONVERSION = YES_AGGRESSIVE;
				CLANG_CXX_LANGUAGE_STANDARD = "gnu++14";
				CLANG_CXX_LIBRARY = "libc++";
				CLANG_ENABLE_MODULES = YES;
				CLANG_ENABLE_OBJC_ARC = YES;
				CLANG_ENABLE_OBJC_WEAK = YES;
				CLANG_WARN_BLOCK_CAPTURE_AUTORELEASING = YES;
				CLANG_WARN_BOOL_CONVERSION = YES;
				CLANG_WARN_COMMA = YES;
				CLANG_WARN_CONSTANT_CONVERSION = YES;
				CLANG_WARN_DEPRECATED_OBJC_IMPLEMENTATIONS = YES;
				CLANG_WARN_DIRECT_OBJC_ISA_USAGE = YES_ERROR;
				CLANG_WARN_DOCUMENTATION_COMMENTS = YES;
				CLANG_WARN_EMPTY_BODY = YES;
				CLANG_WARN_ENUM_CONVERSION = YES;
				CLANG_WARN_INFINITE_RECURSION = YES;
				CLANG_WARN_INT_CONVERSION = YES;
				CLANG_WARN_NON_LITERAL_NULL_CONVERSION = YES;
				CLANG_WARN_OBJC_IMPLICIT_RETAIN_SELF = YES;
				CLANG_WARN_OBJC_LITERAL_CONVERSION = YES;
				CLANG_WARN_OBJC_ROOT_CLASS = YES_ERROR;
				CLANG_WARN_RANGE_LOOP_ANALYSIS = YES;
				CLANG_WARN_STRICT_PROTOTYPES = YES;
				CLANG_WARN_SUSPICIOUS_MOVE = YES;
				CLANG_WARN_UNGUARDED_AVAILABILITY = YES_AGGRESSIVE;
				CLANG_WARN_UNREACHABLE_CODE = YES;
				CLANG_WARN__DUPLICATE_METHOD_MATCH = YES;
				CODE_SIGN_IDENTITY = "iPhone Developer";
				COPY_PHASE_STRIP = NO;
				DEBUG_INFORMATION_FORMAT = dwarf;
				ENABLE_STRICT_OBJC_MSGSEND = YES;
				ENABLE_TESTABILITY = YES;
				GCC_C_LANGUAGE_STANDARD = gnu11;
				GCC_DYNAMIC_NO_PIC = NO;
				GCC_NO_COMMON_BLOCKS = YES;
				GCC_OPTIMIZATION_LEVEL = 0;
				GCC_PREPROCESSOR_DEFINITIONS = (
					"DEBUG=1",
					"$(inherited)",
				);
				GCC_WARN_64_TO_32_BIT_CONVERSION = YES;
				GCC_WARN_ABOUT_RETURN_TYPE = YES_ERROR;
				GCC_WARN_UNDECLARED_SELECTOR = YES;
				GCC_WARN_UNINITIALIZED_AUTOS = YES_AGGRESSIVE;
				GCC_WARN_UNUSED_FUNCTION = YES;
				GCC_WARN_UNUSED_VARIABLE = YES;
				IPHONEOS_DEPLOYMENT_TARGET = 11.4;
				MTL_ENABLE_DEBUG_INFO = YES;
				ONLY_ACTIVE_ARCH = YES;
				SDKROOT = iphoneos;
			};
			name = Debug;
		};
		A448020E2121B247002F986D /* Release */ = {
			isa = XCBuildConfiguration;
			buildSettings = {
				ALWAYS_SEARCH_USER_PATHS = NO;
				CLANG_ANALYZER_NONNULL = YES;
				CLANG_ANALYZER_NUMBER_OBJECT_CONVERSION = YES_AGGRESSIVE;
				CLANG_CXX_LANGUAGE_STANDARD = "gnu++14";
				CLANG_CXX_LIBRARY = "libc++";
				CLANG_ENABLE_MODULES = YES;
				CLANG_ENABLE_OBJC_ARC = YES;
				CLANG_ENABLE_OBJC_WEAK = YES;
				CLANG_WARN_BLOCK_CAPTURE_AUTORELEASING = YES;
				CLANG_WARN_BOOL_CONVERSION = YES;
				CLANG_WARN_COMMA = YES;
				CLANG_WARN_CONSTANT_CONVERSION = YES;
				CLANG_WARN_DEPRECATED_OBJC_IMPLEMENTATIONS = YES;
				CLANG_WARN_DIRECT_OBJC_ISA_USAGE = YES_ERROR;
				CLANG_WARN_DOCUMENTATION_COMMENTS = YES;
				CLANG_WARN_EMPTY_BODY = YES;
				CLANG_WARN_ENUM_CONVERSION = YES;
				CLANG_WARN_INFINITE_RECURSION = YES;
				CLANG_WARN_INT_CONVERSION = YES;
				CLANG_WARN_NON_LITERAL_NULL_CONVERSION = YES;
				CLANG_WARN_OBJC_IMPLICIT_RETAIN_SELF = YES;
				CLANG_WARN_OBJC_LITERAL_CONVERSION = YES;
				CLANG_WARN_OBJC_ROOT_CLASS = YES_ERROR;
				CLANG_WARN_RANGE_LOOP_ANALYSIS = YES;
				CLANG_WARN_STRICT_PROTOTYPES = YES;
				CLANG_WARN_SUSPICIOUS_MOVE = YES;
				CLANG_WARN_UNGUARDED_AVAILABILITY = YES_AGGRESSIVE;
				CLANG_WARN_UNREACHABLE_CODE = YES;
				CLANG_WARN__DUPLICATE_METHOD_MATCH = YES;
				CODE_SIGN_IDENTITY = "iPhone Developer";
				COPY_PHASE_STRIP = NO;
				DEBUG_INFORMATION_FORMAT = "dwarf-with-dsym";
				ENABLE_NS_ASSERTIONS = NO;
				ENABLE_STRICT_OBJC_MSGSEND = YES;
				GCC_C_LANGUAGE_STANDARD = gnu11;
				GCC_NO_COMMON_BLOCKS = YES;
				GCC_WARN_64_TO_32_BIT_CONVERSION = YES;
				GCC_WARN_ABOUT_RETURN_TYPE = YES_ERROR;
				GCC_WARN_UNDECLARED_SELECTOR = YES;
				GCC_WARN_UNINITIALIZED_AUTOS = YES_AGGRESSIVE;
				GCC_WARN_UNUSED_FUNCTION = YES;
				GCC_WARN_UNUSED_VARIABLE = YES;
				IPHONEOS_DEPLOYMENT_TARGET = 11.4;
				MTL_ENABLE_DEBUG_INFO = NO;
				SDKROOT = iphoneos;
				VALIDATE_PRODUCT = YES;
			};
			name = Release;
		};
		A44802102121B247002F986D /* Debug */ = {
			isa = XCBuildConfiguration;
			baseConfigurationReference = 25977E8462F03FF3A0A4C28F /* Pods-TemplateProject.debug.xcconfig */;
			buildSettings = {
				ASSETCATALOG_COMPILER_APPICON_NAME = AppIcon;
				CODE_SIGN_STYLE = Automatic;
				DEVELOPMENT_TEAM = 7A29GX6D45;
				INFOPLIST_FILE = TemplateProject/Info.plist;
				LD_RUNPATH_SEARCH_PATHS = (
					"$(inherited)",
					"@executable_path/Frameworks",
				);
				PRODUCT_BUNDLE_IDENTIFIER = com.ge.TemplateProject;
				PRODUCT_NAME = "$(TARGET_NAME)";
				TARGETED_DEVICE_FAMILY = "1,2";
				USER_HEADER_SEARCH_PATHS = "${SRCROOT}/**";
			};
			name = Debug;
		};
		A44802112121B247002F986D /* Release */ = {
			isa = XCBuildConfiguration;
			baseConfigurationReference = 366F26EC679CF297114076D6 /* Pods-TemplateProject.release.xcconfig */;
			buildSettings = {
				ASSETCATALOG_COMPILER_APPICON_NAME = AppIcon;
				CODE_SIGN_STYLE = Automatic;
				DEVELOPMENT_TEAM = 7A29GX6D45;
				INFOPLIST_FILE = TemplateProject/Info.plist;
				LD_RUNPATH_SEARCH_PATHS = (
					"$(inherited)",
					"@executable_path/Frameworks",
				);
				PRODUCT_BUNDLE_IDENTIFIER = com.ge.TemplateProject;
				PRODUCT_NAME = "$(TARGET_NAME)";
				TARGETED_DEVICE_FAMILY = "1,2";
				USER_HEADER_SEARCH_PATHS = "${SRCROOT}/**";
			};
			name = Release;
		};
		A44802132121B247002F986D /* Debug */ = {
			isa = XCBuildConfiguration;
			buildSettings = {
				BUNDLE_LOADER = "$(TEST_HOST)";
				CODE_SIGN_STYLE = Automatic;
				DEVELOPMENT_TEAM = 7A29GX6D45;
				INFOPLIST_FILE = TemplateProjectTests/Info.plist;
				LD_RUNPATH_SEARCH_PATHS = (
					"$(inherited)",
					"@executable_path/Frameworks",
					"@loader_path/Frameworks",
				);
				PRODUCT_BUNDLE_IDENTIFIER = com.ge.TemplateProjectTests;
				PRODUCT_NAME = "$(TARGET_NAME)";
				TARGETED_DEVICE_FAMILY = "1,2";
				TEST_HOST = "$(BUILT_PRODUCTS_DIR)/TemplateProject.app/TemplateProject";
			};
			name = Debug;
		};
		A44802142121B247002F986D /* Release */ = {
			isa = XCBuildConfiguration;
			buildSettings = {
				BUNDLE_LOADER = "$(TEST_HOST)";
				CODE_SIGN_STYLE = Automatic;
				DEVELOPMENT_TEAM = 7A29GX6D45;
				INFOPLIST_FILE = TemplateProjectTests/Info.plist;
				LD_RUNPATH_SEARCH_PATHS = (
					"$(inherited)",
					"@executable_path/Frameworks",
					"@loader_path/Frameworks",
				);
				PRODUCT_BUNDLE_IDENTIFIER = com.ge.TemplateProjectTests;
				PRODUCT_NAME = "$(TARGET_NAME)";
				TARGETED_DEVICE_FAMILY = "1,2";
				TEST_HOST = "$(BUILT_PRODUCTS_DIR)/TemplateProject.app/TemplateProject";
			};
			name = Release;
		};
		A44802162121B247002F986D /* Debug */ = {
			isa = XCBuildConfiguration;
			buildSettings = {
				CODE_SIGN_STYLE = Automatic;
				DEVELOPMENT_TEAM = 7A29GX6D45;
				INFOPLIST_FILE = TemplateProjectUITests/Info.plist;
				LD_RUNPATH_SEARCH_PATHS = (
					"$(inherited)",
					"@executable_path/Frameworks",
					"@loader_path/Frameworks",
				);
				PRODUCT_BUNDLE_IDENTIFIER = com.ge.TemplateProjectUITests;
				PRODUCT_NAME = "$(TARGET_NAME)";
				TARGETED_DEVICE_FAMILY = "1,2";
				TEST_TARGET_NAME = TemplateProject;
			};
			name = Debug;
		};
		A44802172121B247002F986D /* Release */ = {
			isa = XCBuildConfiguration;
			buildSettings = {
				CODE_SIGN_STYLE = Automatic;
				DEVELOPMENT_TEAM = 7A29GX6D45;
				INFOPLIST_FILE = TemplateProjectUITests/Info.plist;
				LD_RUNPATH_SEARCH_PATHS = (
					"$(inherited)",
					"@executable_path/Frameworks",
					"@loader_path/Frameworks",
				);
				PRODUCT_BUNDLE_IDENTIFIER = com.ge.TemplateProjectUITests;
				PRODUCT_NAME = "$(TARGET_NAME)";
				TARGETED_DEVICE_FAMILY = "1,2";
				TEST_TARGET_NAME = TemplateProject;
			};
			name = Release;
		};
/* End XCBuildConfiguration section */

/* Begin XCConfigurationList section */
		A44801DB2121B244002F986D /* Build configuration list for PBXProject "TemplateProject" */ = {
			isa = XCConfigurationList;
			buildConfigurations = (
				A448020D2121B247002F986D /* Debug */,
				A448020E2121B247002F986D /* Release */,
			);
			defaultConfigurationIsVisible = 0;
			defaultConfigurationName = Release;
		};
		A448020F2121B247002F986D /* Build configuration list for PBXNativeTarget "TemplateProject" */ = {
			isa = XCConfigurationList;
			buildConfigurations = (
				A44802102121B247002F986D /* Debug */,
				A44802112121B247002F986D /* Release */,
			);
			defaultConfigurationIsVisible = 0;
			defaultConfigurationName = Release;
		};
		A44802122121B247002F986D /* Build configuration list for PBXNativeTarget "TemplateProjectTests" */ = {
			isa = XCConfigurationList;
			buildConfigurations = (
				A44802132121B247002F986D /* Debug */,
				A44802142121B247002F986D /* Release */,
			);
			defaultConfigurationIsVisible = 0;
			defaultConfigurationName = Release;
		};
		A44802152121B247002F986D /* Build configuration list for PBXNativeTarget "TemplateProjectUITests" */ = {
			isa = XCConfigurationList;
			buildConfigurations = (
				A44802162121B247002F986D /* Debug */,
				A44802172121B247002F986D /* Release */,
			);
			defaultConfigurationIsVisible = 0;
			defaultConfigurationName = Release;
		};
/* End XCConfigurationList section */

/* Begin XCVersionGroup section */
		A44801EC2121B244002F986D /* TemplateProject.xcdatamodeld */ = {
			isa = XCVersionGroup;
			children = (
				A44801ED2121B244002F986D /* TemplateProject.xcdatamodel */,
			);
			currentVersion = A44801ED2121B244002F986D /* TemplateProject.xcdatamodel */;
			path = TemplateProject.xcdatamodeld;
			sourceTree = "<group>";
			versionGroupType = wrapper.xcdatamodel;
		};
/* End XCVersionGroup section */
	};
	rootObject = A44801D82121B244002F986D /* Project object */;
}
